
Microsoft Visual Studio Solution File, Format Version 12.00
# Visual Studio 15
VisualStudioVersion = 15.0.28307.329
MinimumVisualStudioVersion = 10.0.40219.1
Project("{F184B08F-C81C-45F6-A57F-5ABD9991F28F}") = "FirstTry_VBForm", "FirstTry_VBForm\FirstTry_VBForm.vbproj", "{DEFCF693-19F0-4C99-9EA0-B508A24EFB5C}"
EndProject
Global
	GlobalSection(SolutionConfigurationPlatforms) = preSolution
		Debug|Any CPU = Debug|Any CPU
		Release|Any CPU = Release|Any CPU
	EndGlobalSection
	GlobalSection(ProjectConfigurationPlatforms) = postSolution
		{DEFCF693-19F0-4C99-9EA0-B508A24EFB5C}.Debug|Any CPU.ActiveCfg = Debug|Any CPU
		{DEFCF693-19F0-4C99-9EA0-B508A24EFB5C}.Debug|Any CPU.Build.0 = Debug|Any CPU
		{DEFCF693-19F0-4C99-9EA0-B508A24EFB5C}.Release|Any CPU.ActiveCfg = Release|Any CPU
		{DEFCF693-19F0-4C99-9EA0-B508A24EFB5C}.Release|Any CPU.Build.0 = Release|Any CPU
	EndGlobalSection
	GlobalSection(SolutionProperties) = preSolution
		HideSolutionNode = FALSE
	EndGlobalSection
	GlobalSection(ExtensibilityGlobals) = postSolution
		SolutionGuid = {685960B2-E673-4CB1-AA6E-C8A02D413F30}
	EndGlobalSection
EndGlobal
